// !$*UTF8*$!
{
	archiveVersion = 1;
	classes = {
	};
	objectVersion = 48;
	objects = {

/* Begin PBXBuildFile section */
		D07ED5D21FD7889800E303B6 /* XYConsoleView.m in Sources */ = {isa = PBXBuildFile; fileRef = D07ED5D11FD7889800E303B6 /* XYConsoleView.m */; };
		D0CF36271FAB02E90020BB64 /* FirstViewController.m in Sources */ = {isa = PBXBuildFile; fileRef = D0CF36261FAB02E90020BB64 /* FirstViewController.m */; };
		D0CF36291FAB02F20020BB64 /* 2017-10-25 00_54_57.gif in Resources */ = {isa = PBXBuildFile; fileRef = D0CF36281FAB02F20020BB64 /* 2017-10-25 00_54_57.gif */; };
		D0CF363E1FAB03560020BB64 /* XYSuspensionMenu.m in Sources */ = {isa = PBXBuildFile; fileRef = D0CF363D1FAB03560020BB64 /* XYSuspensionMenu.m */; };
		D0F0FB5F1FAB01C900C62588 /* AppDelegate.m in Sources */ = {isa = PBXBuildFile; fileRef = D0F0FB5E1FAB01C900C62588 /* AppDelegate.m */; };
		D0F0FB651FAB01C900C62588 /* Main.storyboard in Resources */ = {isa = PBXBuildFile; fileRef = D0F0FB631FAB01C900C62588 /* Main.storyboard */; };
		D0F0FB671FAB01C900C62588 /* Assets.xcassets in Resources */ = {isa = PBXBuildFile; fileRef = D0F0FB661FAB01C900C62588 /* Assets.xcassets */; };
		D0F0FB6A1FAB01C900C62588 /* LaunchScreen.storyboard in Resources */ = {isa = PBXBuildFile; fileRef = D0F0FB681FAB01C900C62588 /* LaunchScreen.storyboard */; };
		D0F0FB6D1FAB01C900C62588 /* main.m in Sources */ = {isa = PBXBuildFile; fileRef = D0F0FB6C1FAB01C900C62588 /* main.m */; };
		D2773B10200AE6870078A2A3 /* README.md in Resources */ = {isa = PBXBuildFile; fileRef = D2773B0F200AE6870078A2A3 /* README.md */; };
		D2773B12200AE6980078A2A3 /* 2018-01-14 09_13_49.gif in Resources */ = {isa = PBXBuildFile; fileRef = D2773B11200AE6980078A2A3 /* 2018-01-14 09_13_49.gif */; };
		D2773B20200B03310078A2A3 /* XYSuspensionWebView.m in Sources */ = {isa = PBXBuildFile; fileRef = D2773B1C200B03310078A2A3 /* XYSuspensionWebView.m */; };
		D2773B21200B03310078A2A3 /* UIWebView+XYBlocks.m in Sources */ = {isa = PBXBuildFile; fileRef = D2773B1F200B03310078A2A3 /* UIWebView+XYBlocks.m */; };
		D2773B24200B037B0078A2A3 /* XYDummyView.m in Sources */ = {isa = PBXBuildFile; fileRef = D2773B23200B037B0078A2A3 /* XYDummyView.m */; };
/* End PBXBuildFile section */

/* Begin PBXFileReference section */
		D07ED5D01FD7889700E303B6 /* XYConsoleView.h */ = {isa = PBXFileReference; fileEncoding = 4; lastKnownFileType = sourcecode.c.h; path = XYConsoleView.h; sourceTree = "<group>"; };
		D07ED5D11FD7889800E303B6 /* XYConsoleView.m */ = {isa = PBXFileReference; fileEncoding = 4; lastKnownFileType = sourcecode.c.objc; path = XYConsoleView.m; sourceTree = "<group>"; };
		D0CF36251FAB02E90020BB64 /* FirstViewController.h */ = {isa = PBXFileReference; fileEncoding = 4; lastKnownFileType = sourcecode.c.h; path = FirstViewController.h; sourceTree = "<group>"; };
		D0CF36261FAB02E90020BB64 /* FirstViewController.m */ = {isa = PBXFileReference; fileEncoding = 4; lastKnownFileType = sourcecode.c.objc; path = FirstViewController.m; sourceTree = "<group>"; };
		D0CF36281FAB02F20020BB64 /* 2017-10-25 00_54_57.gif */ = {isa = PBXFileReference; lastKnownFileType = image.gif; path = "2017-10-25 00_54_57.gif"; sourceTree = "<group>"; };
		D0CF363C1FAB03560020BB64 /* XYSuspensionMenu.h */ = {isa = PBXFileReference; fileEncoding = 4; lastKnownFileType = sourcecode.c.h; path = XYSuspensionMenu.h; sourceTree = "<group>"; };
		D0CF363D1FAB03560020BB64 /* XYSuspensionMenu.m */ = {isa = PBXFileReference; fileEncoding = 4; lastKnownFileType = sourcecode.c.objc; path = XYSuspensionMenu.m; sourceTree = "<group>"; };
		D0F0FB5A1FAB01C900C62588 /* XYSuspensionMenuDemo.app */ = {isa = PBXFileReference; explicitFileType = wrapper.application; includeInIndex = 0; path = XYSuspensionMenuDemo.app; sourceTree = BUILT_PRODUCTS_DIR; };
		D0F0FB5D1FAB01C900C62588 /* AppDelegate.h */ = {isa = PBXFileReference; lastKnownFileType = sourcecode.c.h; path = AppDelegate.h; sourceTree = "<group>"; };
		D0F0FB5E1FAB01C900C62588 /* AppDelegate.m */ = {isa = PBXFileReference; lastKnownFileType = sourcecode.c.objc; path = AppDelegate.m; sourceTree = "<group>"; };
		D0F0FB641FAB01C900C62588 /* Base */ = {isa = PBXFileReference; lastKnownFileType = file.storyboard; name = Base; path = Base.lproj/Main.storyboard; sourceTree = "<group>"; };
		D0F0FB661FAB01C900C62588 /* Assets.xcassets */ = {isa = PBXFileReference; lastKnownFileType = folder.assetcatalog; path = Assets.xcassets; sourceTree = "<group>"; };
		D0F0FB691FAB01C900C62588 /* Base */ = {isa = PBXFileReference; lastKnownFileType = file.storyboard; name = Base; path = Base.lproj/LaunchScreen.storyboard; sourceTree = "<group>"; };
		D0F0FB6B1FAB01C900C62588 /* Info.plist */ = {isa = PBXFileReference; lastKnownFileType = text.plist.xml; path = Info.plist; sourceTree = "<group>"; };
		D0F0FB6C1FAB01C900C62588 /* main.m */ = {isa = PBXFileReference; lastKnownFileType = sourcecode.c.objc; path = main.m; sourceTree = "<group>"; };
		D2773B0F200AE6870078A2A3 /* README.md */ = {isa = PBXFileReference; fileEncoding = 4; lastKnownFileType = net.daringfireball.markdown; path = README.md; sourceTree = "<group>"; };
		D2773B11200AE6980078A2A3 /* 2018-01-14 09_13_49.gif */ = {isa = PBXFileReference; lastKnownFileType = image.gif; path = "2018-01-14 09_13_49.gif"; sourceTree = "<group>"; };
		D2773B1C200B03310078A2A3 /* XYSuspensionWebView.m */ = {isa = PBXFileReference; fileEncoding = 4; lastKnownFileType = sourcecode.c.objc; path = XYSuspensionWebView.m; sourceTree = "<group>"; };
		D2773B1D200B03310078A2A3 /* UIWebView+XYBlocks.h */ = {isa = PBXFileReference; fileEncoding = 4; lastKnownFileType = sourcecode.c.h; path = "UIWebView+XYBlocks.h"; sourceTree = "<group>"; };
		D2773B1E200B03310078A2A3 /* XYSuspensionWebView.h */ = {isa = PBXFileReference; fileEncoding = 4; lastKnownFileType = sourcecode.c.h; path = XYSuspensionWebView.h; sourceTree = "<group>"; };
		D2773B1F200B03310078A2A3 /* UIWebView+XYBlocks.m */ = {isa = PBXFileReference; fileEncoding = 4; lastKnownFileType = sourcecode.c.objc; path = "UIWebView+XYBlocks.m"; sourceTree = "<group>"; };
		D2773B22200B037B0078A2A3 /* XYDummyView.h */ = {isa = PBXFileReference; lastKnownFileType = sourcecode.c.h; path = XYDummyView.h; sourceTree = "<group>"; };
		D2773B23200B037B0078A2A3 /* XYDummyView.m */ = {isa = PBXFileReference; lastKnownFileType = sourcecode.c.objc; path = XYDummyView.m; sourceTree = "<group>"; };
/* End PBXFileReference section */

/* Begin PBXFrameworksBuildPhase section */
		D0F0FB571FAB01C900C62588 /* Frameworks */ = {
			isa = PBXFrameworksBuildPhase;
			buildActionMask = 2147483647;
			files = (
			);
			runOnlyForDeploymentPostprocessing = 0;
		};
/* End PBXFrameworksBuildPhase section */

/* Begin PBXGroup section */
		D0CF362A1FAB02F80020BB64 /* Supporting Files */ = {
			isa = PBXGroup;
			children = (
				D0CF36281FAB02F20020BB64 /* 2017-10-25 00_54_57.gif */,
				D2773B11200AE6980078A2A3 /* 2018-01-14 09_13_49.gif */,
				D0F0FB631FAB01C900C62588 /* Main.storyboard */,
				D0F0FB661FAB01C900C62588 /* Assets.xcassets */,
				D0F0FB681FAB01C900C62588 /* LaunchScreen.storyboard */,
				D0F0FB6B1FAB01C900C62588 /* Info.plist */,
				D0F0FB6C1FAB01C900C62588 /* main.m */,
			);
			name = "Supporting Files";
			sourceTree = "<group>";
		};
		D0CF363F1FAB03670020BB64 /* XYSuspensionMenu */ = {
			isa = PBXGroup;
			children = (
				D2773B0F200AE6870078A2A3 /* README.md */,
				D07ED5D01FD7889700E303B6 /* XYConsoleView.h */,
				D07ED5D11FD7889800E303B6 /* XYConsoleView.m */,
				D0CF363C1FAB03560020BB64 /* XYSuspensionMenu.h */,
				D0CF363D1FAB03560020BB64 /* XYSuspensionMenu.m */,
				D2773B1D200B03310078A2A3 /* UIWebView+XYBlocks.h */,
				D2773B1F200B03310078A2A3 /* UIWebView+XYBlocks.m */,
				D2773B1E200B03310078A2A3 /* XYSuspensionWebView.h */,
				D2773B1C200B03310078A2A3 /* XYSuspensionWebView.m */,
				D2773B22200B037B0078A2A3 /* XYDummyView.h */,
				D2773B23200B037B0078A2A3 /* XYDummyView.m */,
			);
			name = XYSuspensionMenu;
			sourceTree = "<group>";
		};
		D0F0FB511FAB01C900C62588 = {
			isa = PBXGroup;
			children = (
				D0CF363F1FAB03670020BB64 /* XYSuspensionMenu */,
				D0F0FB5C1FAB01C900C62588 /* XYSuspensionMenuDemo */,
				D0F0FB5B1FAB01C900C62588 /* Products */,
			);
			sourceTree = "<group>";
		};
		D0F0FB5B1FAB01C900C62588 /* Products */ = {
			isa = PBXGroup;
			children = (
				D0F0FB5A1FAB01C900C62588 /* XYSuspensionMenuDemo.app */,
			);
			name = Products;
			sourceTree = "<group>";
		};
		D0F0FB5C1FAB01C900C62588 /* XYSuspensionMenuDemo */ = {
			isa = PBXGroup;
			children = (
				D0CF36251FAB02E90020BB64 /* FirstViewController.h */,
				D0CF36261FAB02E90020BB64 /* FirstViewController.m */,
				D0F0FB5D1FAB01C900C62588 /* AppDelegate.h */,
				D0F0FB5E1FAB01C900C62588 /* AppDelegate.m */,
				D0CF362A1FAB02F80020BB64 /* Supporting Files */,
			);
			path = XYSuspensionMenuDemo;
			sourceTree = "<group>";
		};
/* End PBXGroup section */

/* Begin PBXNativeTarget section */
		D0F0FB591FAB01C900C62588 /* XYSuspensionMenuDemo */ = {
			isa = PBXNativeTarget;
			buildConfigurationList = D0F0FB701FAB01C900C62588 /* Build configuration list for PBXNativeTarget "XYSuspensionMenuDemo" */;
			buildPhases = (
				D0F0FB561FAB01C900C62588 /* Sources */,
				D0F0FB571FAB01C900C62588 /* Frameworks */,
				D0F0FB581FAB01C900C62588 /* Resources */,
			);
			buildRules = (
			);
			dependencies = (
			);
			name = XYSuspensionMenuDemo;
			productName = XYSuspensionMenuDemo;
			productReference = D0F0FB5A1FAB01C900C62588 /* XYSuspensionMenuDemo.app */;
			productType = "com.apple.product-type.application";
		};
/* End PBXNativeTarget section */

/* Begin PBXProject section */
		D0F0FB521FAB01C900C62588 /* Project object */ = {
			isa = PBXProject;
			attributes = {
				LastUpgradeCheck = 0910;
				ORGANIZATIONNAME = xiaoyuan;
				TargetAttributes = {
					D0F0FB591FAB01C900C62588 = {
						CreatedOnToolsVersion = 9.1;
						ProvisioningStyle = Automatic;
					};
				};
			};
			buildConfigurationList = D0F0FB551FAB01C900C62588 /* Build configuration list for PBXProject "XYSuspensionMenuDemo" */;
			compatibilityVersion = "Xcode 8.0";
			developmentRegion = en;
			hasScannedForEncodings = 0;
			knownRegions = (
				en,
				Base,
			);
			mainGroup = D0F0FB511FAB01C900C62588;
			productRefGroup = D0F0FB5B1FAB01C900C62588 /* Products */;
			projectDirPath = "";
			projectRoot = "";
			targets = (
				D0F0FB591FAB01C900C62588 /* XYSuspensionMenuDemo */,
			);
		};
/* End PBXProject section */

/* Begin PBXResourcesBuildPhase section */
		D0F0FB581FAB01C900C62588 /* Resources */ = {
			isa = PBXResourcesBuildPhase;
			buildActionMask = 2147483647;
			files = (
				D2773B12200AE6980078A2A3 /* 2018-01-14 09_13_49.gif in Resources */,
				D0F0FB6A1FAB01C900C62588 /* LaunchScreen.storyboard in Resources */,
				D0F0FB671FAB01C900C62588 /* Assets.xcassets in Resources */,
				D2773B10200AE6870078A2A3 /* README.md in Resources */,
				D0CF36291FAB02F20020BB64 /* 2017-10-25 00_54_57.gif in Resources */,
				D0F0FB651FAB01C900C62588 /* Main.storyboard in Resources */,
			);
			runOnlyForDeploymentPostprocessing = 0;
		};
/* End PBXResourcesBuildPhase section */

/* Begin PBXSourcesBuildPhase section */
		D0F0FB561FAB01C900C62588 /* Sources */ = {
			isa = PBXSourcesBuildPhase;
			buildActionMask = 2147483647;
			files = (
				D2773B24200B037B0078A2A3 /* XYDummyView.m in Sources */,
				D0F0FB6D1FAB01C900C62588 /* main.m in Sources */,
				D2773B20200B03310078A2A3 /* XYSuspensionWebView.m in Sources */,
				D07ED5D21FD7889800E303B6 /* XYConsoleView.m in Sources */,
				D0F0FB5F1FAB01C900C62588 /* AppDelegate.m in Sources */,
				D0CF363E1FAB03560020BB64 /* XYSuspensionMenu.m in Sources */,
				D2773B21200B03310078A2A3 /* UIWebView+XYBlocks.m in Sources */,
				D0CF36271FAB02E90020BB64 /* FirstViewController.m in Sources */,
			);
			runOnlyForDeploymentPostprocessing = 0;
		};
/* End PBXSourcesBuildPhase section */

/* Begin PBXVariantGroup section */
		D0F0FB631FAB01C900C62588 /* Main.storyboard */ = {
			isa = PBXVariantGroup;
			children = (
				D0F0FB641FAB01C900C62588 /* Base */,
			);
			name = Main.storyboard;
			sourceTree = "<group>";
		};
		D0F0FB681FAB01C900C62588 /* LaunchScreen.storyboard */ = {
			isa = PBXVariantGroup;
			children = (
				D0F0FB691FAB01C900C62588 /* Base */,
			);
			name = LaunchScreen.storyboard;
			sourceTree = "<group>";
		};
/* End PBXVariantGroup section */

/* Begin XCBuildConfiguration section */
		D0F0FB6E1FAB01C900C62588 /* Debug */ = {
			isa = XCBuildConfiguration;
			buildSettings = {
				ALWAYS_SEARCH_USER_PATHS = NO;
				CLANG_ANALYZER_NONNULL = YES;
				CLANG_ANALYZER_NUMBER_OBJECT_CONVERSION = YES_AGGRESSIVE;
				CLANG_CXX_LANGUAGE_STANDARD = "gnu++14";
				CLANG_CXX_LIBRARY = "libc++";
				CLANG_ENABLE_MODULES = YES;
				CLANG_ENABLE_OBJC_ARC = YES;
				CLANG_WARN_BLOCK_CAPTURE_AUTORELEASING = YES;
				CLANG_WARN_BOOL_CONVERSION = YES;
				CLANG_WARN_COMMA = YES;
				CLANG_WARN_CONSTANT_CONVERSION = YES;
				CLANG_WARN_DIRECT_OBJC_ISA_USAGE = YES_ERROR;
				CLANG_WARN_DOCUMENTATION_COMMENTS = YES;
				CLANG_WARN_EMPTY_BODY = YES;
				CLANG_WARN_ENUM_CONVERSION = YES;
				CLANG_WARN_INFINITE_RECURSION = YES;
				CLANG_WARN_INT_CONVERSION = YES;
				CLANG_WARN_NON_LITERAL_NULL_CONVERSION = YES;
				CLANG_WARN_OBJC_LITERAL_CONVERSION = YES;
				CLANG_WARN_OBJC_ROOT_CLASS = YES_ERROR;
				CLANG_WARN_RANGE_LOOP_ANALYSIS = YES;
				CLANG_WARN_STRICT_PROTOTYPES = YES;
				CLANG_WARN_SUSPICIOUS_MOVE = YES;
				CLANG_WARN_UNGUARDED_AVAILABILITY = YES_AGGRESSIVE;
				CLANG_WARN_UNREACHABLE_CODE = YES;
				CLANG_WARN__DUPLICATE_METHOD_MATCH = YES;
				CODE_SIGN_IDENTITY = "iPhone Developer";
				COPY_PHASE_STRIP = NO;
				DEBUG_INFORMATION_FORMAT = dwarf;
				ENABLE_STRICT_OBJC_MSGSEND = YES;
				ENABLE_TESTABILITY = YES;
				GCC_C_LANGUAGE_STANDARD = gnu11;
				GCC_DYNAMIC_NO_PIC = NO;
				GCC_NO_COMMON_BLOCKS = YES;
				GCC_OPTIMIZATION_LEVEL = 0;
				GCC_PREPROCESSOR_DEFINITIONS = (
					"DEBUG=1",
					"$(inherited)",
				);
				GCC_WARN_64_TO_32_BIT_CONVERSION = YES;
				GCC_WARN_ABOUT_RETURN_TYPE = YES_ERROR;
				GCC_WARN_UNDECLARED_SELECTOR = YES;
				GCC_WARN_UNINITIALIZED_AUTOS = YES_AGGRESSIVE;
				GCC_WARN_UNUSED_FUNCTION = YES;
				GCC_WARN_UNUSED_VARIABLE = YES;
				IPHONEOS_DEPLOYMENT_TARGET = 11.1;
				MTL_ENABLE_DEBUG_INFO = YES;
				ONLY_ACTIVE_ARCH = YES;
				SDKROOT = iphoneos;
			};
			name = Debug;
		};
		D0F0FB6F1FAB01C900C62588 /* Release */ = {
			isa = XCBuildConfiguration;
			buildSettings = {
				ALWAYS_SEARCH_USER_PATHS = NO;
				CLANG_ANALYZER_NONNULL = YES;
				CLANG_ANALYZER_NUMBER_OBJECT_CONVERSION = YES_AGGRESSIVE;
				CLANG_CXX_LANGUAGE_STANDARD = "gnu++14";
				CLANG_CXX_LIBRARY = "libc++";
				CLANG_ENABLE_MODULES = YES;
				CLANG_ENABLE_OBJC_ARC = YES;
				CLANG_WARN_BLOCK_CAPTURE_AUTORELEASING = YES;
				CLANG_WARN_BOOL_CONVERSION = YES;
				CLANG_WARN_COMMA = YES;
				CLANG_WARN_CONSTANT_CONVERSION = YES;
				CLANG_WARN_DIRECT_OBJC_ISA_USAGE = YES_ERROR;
				CLANG_WARN_DOCUMENTATION_COMMENTS = YES;
				CLANG_WARN_EMPTY_BODY = YES;
				CLANG_WARN_ENUM_CONVERSION = YES;
				CLANG_WARN_INFINITE_RECURSION = YES;
				CLANG_WARN_INT_CONVERSION = YES;
				CLANG_WARN_NON_LITERAL_NULL_CONVERSION = YES;
				CLANG_WARN_OBJC_LITERAL_CONVERSION = YES;
				CLANG_WARN_OBJC_ROOT_CLASS = YES_ERROR;
				CLANG_WARN_RANGE_LOOP_ANALYSIS = YES;
				CLANG_WARN_STRICT_PROTOTYPES = YES;
				CLANG_WARN_SUSPICIOUS_MOVE = YES;
				CLANG_WARN_UNGUARDED_AVAILABILITY = YES_AGGRESSIVE;
				CLANG_WARN_UNREACHABLE_CODE = YES;
				CLANG_WARN__DUPLICATE_METHOD_MATCH = YES;
				CODE_SIGN_IDENTITY = "iPhone Developer";
				COPY_PHASE_STRIP = NO;
				DEBUG_INFORMATION_FORMAT = "dwarf-with-dsym";
				ENABLE_NS_ASSERTIONS = NO;
				ENABLE_STRICT_OBJC_MSGSEND = YES;
				GCC_C_LANGUAGE_STANDARD = gnu11;
				GCC_NO_COMMON_BLOCKS = YES;
				GCC_WARN_64_TO_32_BIT_CONVERSION = YES;
				GCC_WARN_ABOUT_RETURN_TYPE = YES_ERROR;
				GCC_WARN_UNDECLARED_SELECTOR = YES;
				GCC_WARN_UNINITIALIZED_AUTOS = YES_AGGRESSIVE;
				GCC_WARN_UNUSED_FUNCTION = YES;
				GCC_WARN_UNUSED_VARIABLE = YES;
				IPHONEOS_DEPLOYMENT_TARGET = 11.1;
				MTL_ENABLE_DEBUG_INFO = NO;
				SDKROOT = iphoneos;
				VALIDATE_PRODUCT = YES;
			};
			name = Release;
		};
		D0F0FB711FAB01C900C62588 /* Debug */ = {
			isa = XCBuildConfiguration;
			buildSettings = {
				ASSETCATALOG_COMPILER_APPICON_NAME = AppIcon;
				CODE_SIGN_STYLE = Automatic;
				DEVELOPMENT_TEAM = NKW67GFDHM;
				INFOPLIST_FILE = XYSuspensionMenuDemo/Info.plist;
				IPHONEOS_DEPLOYMENT_TARGET = 8.0;
				LD_RUNPATH_SEARCH_PATHS = "$(inherited) @executable_path/Frameworks";
				PRODUCT_BUNDLE_IDENTIFIER = com.alpface.suspensionMenu;
				PRODUCT_NAME = "$(TARGET_NAME)";
				TARGETED_DEVICE_FAMILY = "1,2";
			};
			name = Debug;
		};
		D0F0FB721FAB01C900C62588 /* Release */ = {
			isa = XCBuildConfiguration;
			buildSettings = {
				ASSETCATALOG_COMPILER_APPICON_NAME = AppIcon;
				CODE_SIGN_STYLE = Automatic;
				DEVELOPMENT_TEAM = NKW67GFDHM;
				INFOPLIST_FILE = XYSuspensionMenuDemo/Info.plist;
				IPHONEOS_DEPLOYMENT_TARGET = 8.0;
				LD_RUNPATH_SEARCH_PATHS = "$(inherited) @executable_path/Frameworks";
				PRODUCT_BUNDLE_IDENTIFIER = com.alpface.suspensionMenu;
				PRODUCT_NAME = "$(TARGET_NAME)";
				TARGETED_DEVICE_FAMILY = "1,2";
			};
			name = Release;
		};
/* End XCBuildConfiguration section */

/* Begin XCConfigurationList section */
		D0F0FB551FAB01C900C62588 /* Build configuration list for PBXProject "XYSuspensionMenuDemo" */ = {
			isa = XCConfigurationList;
			buildConfigurations = (
				D0F0FB6E1FAB01C900C62588 /* Debug */,
				D0F0FB6F1FAB01C900C62588 /* Release */,
			);
			defaultConfigurationIsVisible = 0;
			defaultConfigurationName = Release;
		};
		D0F0FB701FAB01C900C62588 /* Build configuration list for PBXNativeTarget "XYSuspensionMenuDemo" */ = {
			isa = XCConfigurationList;
			buildConfigurations = (
				D0F0FB711FAB01C900C62588 /* Debug */,
				D0F0FB721FAB01C900C62588 /* Release */,
			);
			defaultConfigurationIsVisible = 0;
			defaultConfigurationName = Release;
		};
/* End XCConfigurationList section */
	};
	rootObject = D0F0FB521FAB01C900C62588 /* Project object */;
}
